// !$*UTF8*$!
{
	archiveVersion = 1;
	classes = {
	};
	objectVersion = 46;
	objects = {

/* Begin PBXBuildFile section */
		7461BF8B1C18298200DD8895 /* main.m in Sources */ = {isa = PBXBuildFile; fileRef = 7461BF8A1C18298200DD8895 /* main.m */; };
		7461BF8E1C18298200DD8895 /* AppDelegate.m in Sources */ = {isa = PBXBuildFile; fileRef = 7461BF8D1C18298200DD8895 /* AppDelegate.m */; };
		7461BF961C18298200DD8895 /* Assets.xcassets in Resources */ = {isa = PBXBuildFile; fileRef = 7461BF951C18298200DD8895 /* Assets.xcassets */; };
		7461BF991C18298200DD8895 /* LaunchScreen.storyboard in Resources */ = {isa = PBXBuildFile; fileRef = 7461BF971C18298200DD8895 /* LaunchScreen.storyboard */; };
		7461BFA71C182CD300DD8895 /* TSViewController.m in Sources */ = {isa = PBXBuildFile; fileRef = 7461BFA61C182CD300DD8895 /* TSViewController.m */; };
		7461BFAA1C182CE800DD8895 /* TSModelViewController.m in Sources */ = {isa = PBXBuildFile; fileRef = 7461BFA91C182CE800DD8895 /* TSModelViewController.m */; };
		7461BFAD1C182D0300DD8895 /* TSTableViewController.m in Sources */ = {isa = PBXBuildFile; fileRef = 7461BFAC1C182D0300DD8895 /* TSTableViewController.m */; };
		7461BFB01C182D5B00DD8895 /* TSNetWorkManager.m in Sources */ = {isa = PBXBuildFile; fileRef = 7461BFAF1C182D5B00DD8895 /* TSNetWorkManager.m */; };
		749234001C1839DA00123906 /* ZOInformationViewController.m in Sources */ = {isa = PBXBuildFile; fileRef = 749233F41C1839DA00123906 /* ZOInformationViewController.m */; };
		749234011C1839DA00123906 /* ZOInfomationNetworkHelper.m in Sources */ = {isa = PBXBuildFile; fileRef = 749233F81C1839DA00123906 /* ZOInfomationNetworkHelper.m */; };
		749234021C1839DA00123906 /* ZOInfomationRequestModel.m in Sources */ = {isa = PBXBuildFile; fileRef = 749233FA1C1839DA00123906 /* ZOInfomationRequestModel.m */; };
		749234031C1839DA00123906 /* ZOInfomationResultModel.m in Sources */ = {isa = PBXBuildFile; fileRef = 749233FC1C1839DA00123906 /* ZOInfomationResultModel.m */; };
		7492340E1C190F7A00123906 /* Foundation+Log.m in Sources */ = {isa = PBXBuildFile; fileRef = 7492340A1C190F7A00123906 /* Foundation+Log.m */; };
		749234171C19633300123906 /* TSTableViewCell.m in Sources */ = {isa = PBXBuildFile; fileRef = 749234161C19633300123906 /* TSTableViewCell.m */; };
		7492341A1C19634E00123906 /* ZOInformationTableViewCell.m in Sources */ = {isa = PBXBuildFile; fileRef = 749234191C19634E00123906 /* ZOInformationTableViewCell.m */; };
		8830B0726DFE0434A0E571FD /* libPods.a in Frameworks */ = {isa = PBXBuildFile; fileRef = 46E132EBC4A2175048CBE019 /* libPods.a */; };
/* End PBXBuildFile section */

/* Begin PBXFileReference section */
		46E132EBC4A2175048CBE019 /* libPods.a */ = {isa = PBXFileReference; explicitFileType = archive.ar; includeInIndex = 0; path = libPods.a; sourceTree = BUILT_PRODUCTS_DIR; };
		6FFC6175685AB05912F98939 /* Pods.debug.xcconfig */ = {isa = PBXFileReference; includeInIndex = 1; lastKnownFileType = text.xcconfig; name = Pods.debug.xcconfig; path = "Pods/Target Support Files/Pods/Pods.debug.xcconfig"; sourceTree = "<group>"; };
		7461BF861C18298200DD8895 /* TSFrameLiteDemo.app */ = {isa = PBXFileReference; explicitFileType = wrapper.application; includeInIndex = 0; path = TSFrameLiteDemo.app; sourceTree = BUILT_PRODUCTS_DIR; };
		7461BF8A1C18298200DD8895 /* main.m */ = {isa = PBXFileReference; lastKnownFileType = sourcecode.c.objc; path = main.m; sourceTree = "<group>"; };
		7461BF8C1C18298200DD8895 /* AppDelegate.h */ = {isa = PBXFileReference; lastKnownFileType = sourcecode.c.h; path = AppDelegate.h; sourceTree = "<group>"; };
		7461BF8D1C18298200DD8895 /* AppDelegate.m */ = {isa = PBXFileReference; lastKnownFileType = sourcecode.c.objc; path = AppDelegate.m; sourceTree = "<group>"; };
		7461BF951C18298200DD8895 /* Assets.xcassets */ = {isa = PBXFileReference; lastKnownFileType = folder.assetcatalog; path = Assets.xcassets; sourceTree = "<group>"; };
		7461BF981C18298200DD8895 /* Base */ = {isa = PBXFileReference; lastKnownFileType = file.storyboard; name = Base; path = Base.lproj/LaunchScreen.storyboard; sourceTree = "<group>"; };
		7461BF9A1C18298200DD8895 /* Info.plist */ = {isa = PBXFileReference; lastKnownFileType = text.plist.xml; path = Info.plist; sourceTree = "<group>"; };
		7461BFA51C182CD300DD8895 /* TSViewController.h */ = {isa = PBXFileReference; fileEncoding = 4; lastKnownFileType = sourcecode.c.h; path = TSViewController.h; sourceTree = "<group>"; };
		7461BFA61C182CD300DD8895 /* TSViewController.m */ = {isa = PBXFileReference; fileEncoding = 4; lastKnownFileType = sourcecode.c.objc; path = TSViewController.m; sourceTree = "<group>"; };
		7461BFA81C182CE800DD8895 /* TSModelViewController.h */ = {isa = PBXFileReference; fileEncoding = 4; lastKnownFileType = sourcecode.c.h; path = TSModelViewController.h; sourceTree = "<group>"; };
		7461BFA91C182CE800DD8895 /* TSModelViewController.m */ = {isa = PBXFileReference; fileEncoding = 4; lastKnownFileType = sourcecode.c.objc; path = TSModelViewController.m; sourceTree = "<group>"; };
		7461BFAB1C182D0300DD8895 /* TSTableViewController.h */ = {isa = PBXFileReference; fileEncoding = 4; lastKnownFileType = sourcecode.c.h; path = TSTableViewController.h; sourceTree = "<group>"; };
		7461BFAC1C182D0300DD8895 /* TSTableViewController.m */ = {isa = PBXFileReference; fileEncoding = 4; lastKnownFileType = sourcecode.c.objc; path = TSTableViewController.m; sourceTree = "<group>"; };
		7461BFAE1C182D5B00DD8895 /* TSNetWorkManager.h */ = {isa = PBXFileReference; fileEncoding = 4; lastKnownFileType = sourcecode.c.h; path = TSNetWorkManager.h; sourceTree = "<group>"; };
		7461BFAF1C182D5B00DD8895 /* TSNetWorkManager.m */ = {isa = PBXFileReference; fileEncoding = 4; lastKnownFileType = sourcecode.c.objc; path = TSNetWorkManager.m; sourceTree = "<group>"; };
		749233F31C1839DA00123906 /* ZOInformationViewController.h */ = {isa = PBXFileReference; fileEncoding = 4; lastKnownFileType = sourcecode.c.h; path = ZOInformationViewController.h; sourceTree = "<group>"; };
		749233F41C1839DA00123906 /* ZOInformationViewController.m */ = {isa = PBXFileReference; fileEncoding = 4; lastKnownFileType = sourcecode.c.objc; path = ZOInformationViewController.m; sourceTree = "<group>"; };
		749233F71C1839DA00123906 /* ZOInfomationNetworkHelper.h */ = {isa = PBXFileReference; fileEncoding = 4; lastKnownFileType = sourcecode.c.h; path = ZOInfomationNetworkHelper.h; sourceTree = "<group>"; };
		749233F81C1839DA00123906 /* ZOInfomationNetworkHelper.m */ = {isa = PBXFileReference; fileEncoding = 4; lastKnownFileType = sourcecode.c.objc; path = ZOInfomationNetworkHelper.m; sourceTree = "<group>"; };
		749233F91C1839DA00123906 /* ZOInfomationRequestModel.h */ = {isa = PBXFileReference; fileEncoding = 4; lastKnownFileType = sourcecode.c.h; path = ZOInfomationRequestModel.h; sourceTree = "<group>"; };
		749233FA1C1839DA00123906 /* ZOInfomationRequestModel.m */ = {isa = PBXFileReference; fileEncoding = 4; lastKnownFileType = sourcecode.c.objc; path = ZOInfomationRequestModel.m; sourceTree = "<group>"; };
		749233FB1C1839DA00123906 /* ZOInfomationResultModel.h */ = {isa = PBXFileReference; fileEncoding = 4; lastKnownFileType = sourcecode.c.h; path = ZOInfomationResultModel.h; sourceTree = "<group>"; };
		749233FC1C1839DA00123906 /* ZOInfomationResultModel.m */ = {isa = PBXFileReference; fileEncoding = 4; lastKnownFileType = sourcecode.c.objc; path = ZOInfomationResultModel.m; sourceTree = "<group>"; };
		7492340A1C190F7A00123906 /* Foundation+Log.m */ = {isa = PBXFileReference; fileEncoding = 4; lastKnownFileType = sourcecode.c.objc; path = "Foundation+Log.m"; sourceTree = "<group>"; };
		7492340B1C190F7A00123906 /* Singleton.h */ = {isa = PBXFileReference; fileEncoding = 4; lastKnownFileType = sourcecode.c.h; path = Singleton.h; sourceTree = "<group>"; };
		7492340C1C190F7A00123906 /* TSFrameMacro.h */ = {isa = PBXFileReference; fileEncoding = 4; lastKnownFileType = sourcecode.c.h; path = TSFrameMacro.h; sourceTree = "<group>"; };
		7492340D1C190F7A00123906 /* TSHeader.h */ = {isa = PBXFileReference; fileEncoding = 4; lastKnownFileType = sourcecode.c.h; path = TSHeader.h; sourceTree = "<group>"; };
		749234151C19633300123906 /* TSTableViewCell.h */ = {isa = PBXFileReference; fileEncoding = 4; lastKnownFileType = sourcecode.c.h; path = TSTableViewCell.h; sourceTree = "<group>"; };
		749234161C19633300123906 /* TSTableViewCell.m */ = {isa = PBXFileReference; fileEncoding = 4; lastKnownFileType = sourcecode.c.objc; path = TSTableViewCell.m; sourceTree = "<group>"; };
		749234181C19634E00123906 /* ZOInformationTableViewCell.h */ = {isa = PBXFileReference; fileEncoding = 4; lastKnownFileType = sourcecode.c.h; path = ZOInformationTableViewCell.h; sourceTree = "<group>"; };
		749234191C19634E00123906 /* ZOInformationTableViewCell.m */ = {isa = PBXFileReference; fileEncoding = 4; lastKnownFileType = sourcecode.c.objc; path = ZOInformationTableViewCell.m; sourceTree = "<group>"; };
		C63106E45DC75D531C3D3AB3 /* Pods.release.xcconfig */ = {isa = PBXFileReference; includeInIndex = 1; lastKnownFileType = text.xcconfig; name = Pods.release.xcconfig; path = "Pods/Target Support Files/Pods/Pods.release.xcconfig"; sourceTree = "<group>"; };
/* End PBXFileReference section */

/* Begin PBXFrameworksBuildPhase section */
		7461BF831C18298200DD8895 /* Frameworks */ = {
			isa = PBXFrameworksBuildPhase;
			buildActionMask = 2147483647;
			files = (
				8830B0726DFE0434A0E571FD /* libPods.a in Frameworks */,
			);
			runOnlyForDeploymentPostprocessing = 0;
		};
/* End PBXFrameworksBuildPhase section */

/* Begin PBXGroup section */
		5F886075D7E587C7B23A86B6 /* Frameworks */ = {
			isa = PBXGroup;
			children = (
				46E132EBC4A2175048CBE019 /* libPods.a */,
			);
			name = Frameworks;
			sourceTree = "<group>";
		};
		7461BF7D1C18298200DD8895 = {
			isa = PBXGroup;
			children = (
				7461BF881C18298200DD8895 /* TSFrameLiteDemo */,
				7461BF871C18298200DD8895 /* Products */,
				B8B08DBF813710ADEEDD3571 /* Pods */,
				5F886075D7E587C7B23A86B6 /* Frameworks */,
			);
			sourceTree = "<group>";
		};
		7461BF871C18298200DD8895 /* Products */ = {
			isa = PBXGroup;
			children = (
				7461BF861C18298200DD8895 /* TSFrameLiteDemo.app */,
			);
			name = Products;
			sourceTree = "<group>";
		};
		7461BF881C18298200DD8895 /* TSFrameLiteDemo */ = {
			isa = PBXGroup;
			children = (
				7461BFA11C182A3D00DD8895 /* TSFrameLite */,
				749233E71C1836BC00123906 /* Classes */,
				7461BF8C1C18298200DD8895 /* AppDelegate.h */,
				7461BF8D1C18298200DD8895 /* AppDelegate.m */,
				7461BF951C18298200DD8895 /* Assets.xcassets */,
				7461BF971C18298200DD8895 /* LaunchScreen.storyboard */,
				7461BF9A1C18298200DD8895 /* Info.plist */,
				7461BF891C18298200DD8895 /* Supporting Files */,
			);
			path = TSFrameLiteDemo;
			sourceTree = "<group>";
		};
		7461BF891C18298200DD8895 /* Supporting Files */ = {
			isa = PBXGroup;
			children = (
				7461BF8A1C18298200DD8895 /* main.m */,
			);
			name = "Supporting Files";
			sourceTree = "<group>";
		};
		7461BFA11C182A3D00DD8895 /* TSFrameLite */ = {
			isa = PBXGroup;
			children = (
				7492340A1C190F7A00123906 /* Foundation+Log.m */,
				7492340B1C190F7A00123906 /* Singleton.h */,
				7492340C1C190F7A00123906 /* TSFrameMacro.h */,
				7492340D1C190F7A00123906 /* TSHeader.h */,
				7461BFA21C182A3D00DD8895 /* Network */,
				7461BFA31C182A3D00DD8895 /* Tool */,
				7461BFA41C182A3D00DD8895 /* UI */,
			);
			name = TSFrameLite;
			path = ../../TSFrameLite;
			sourceTree = "<group>";
		};
		7461BFA21C182A3D00DD8895 /* Network */ = {
			isa = PBXGroup;
			children = (
				7461BFAE1C182D5B00DD8895 /* TSNetWorkManager.h */,
				7461BFAF1C182D5B00DD8895 /* TSNetWorkManager.m */,
			);
			path = Network;
			sourceTree = "<group>";
		};
		7461BFA31C182A3D00DD8895 /* Tool */ = {
			isa = PBXGroup;
			children = (
			);
			path = Tool;
			sourceTree = "<group>";
		};
		7461BFA41C182A3D00DD8895 /* UI */ = {
			isa = PBXGroup;
			children = (
				7461BFA51C182CD300DD8895 /* TSViewController.h */,
				7461BFA61C182CD300DD8895 /* TSViewController.m */,
				7461BFA81C182CE800DD8895 /* TSModelViewController.h */,
				7461BFA91C182CE800DD8895 /* TSModelViewController.m */,
				7461BFAB1C182D0300DD8895 /* TSTableViewController.h */,
				7461BFAC1C182D0300DD8895 /* TSTableViewController.m */,
				749234151C19633300123906 /* TSTableViewCell.h */,
				749234161C19633300123906 /* TSTableViewCell.m */,
			);
			path = UI;
			sourceTree = "<group>";
		};
		749233E71C1836BC00123906 /* Classes */ = {
			isa = PBXGroup;
			children = (
				749233F11C1839DA00123906 /* Information */,
			);
			path = Classes;
			sourceTree = "<group>";
		};
		749233F11C1839DA00123906 /* Information */ = {
			isa = PBXGroup;
			children = (
				749233F21C1839DA00123906 /* Controller */,
				749233F51C1839DA00123906 /* Helper */,
				749233F61C1839DA00123906 /* Model */,
				749233FD1C1839DA00123906 /* View */,
			);
			path = Information;
			sourceTree = "<group>";
		};
		749233F21C1839DA00123906 /* Controller */ = {
			isa = PBXGroup;
			children = (
				749233F31C1839DA00123906 /* ZOInformationViewController.h */,
				749233F41C1839DA00123906 /* ZOInformationViewController.m */,
			);
			path = Controller;
			sourceTree = "<group>";
		};
		749233F51C1839DA00123906 /* Helper */ = {
			isa = PBXGroup;
			children = (
			);
			path = Helper;
			sourceTree = "<group>";
		};
		749233F61C1839DA00123906 /* Model */ = {
			isa = PBXGroup;
			children = (
				749233F71C1839DA00123906 /* ZOInfomationNetworkHelper.h */,
				749233F81C1839DA00123906 /* ZOInfomationNetworkHelper.m */,
				749233F91C1839DA00123906 /* ZOInfomationRequestModel.h */,
				749233FA1C1839DA00123906 /* ZOInfomationRequestModel.m */,
				749233FB1C1839DA00123906 /* ZOInfomationResultModel.h */,
				749233FC1C1839DA00123906 /* ZOInfomationResultModel.m */,
			);
			path = Model;
			sourceTree = "<group>";
		};
		749233FD1C1839DA00123906 /* View */ = {
			isa = PBXGroup;
			children = (
				749234181C19634E00123906 /* ZOInformationTableViewCell.h */,
				749234191C19634E00123906 /* ZOInformationTableViewCell.m */,
			);
			path = View;
			sourceTree = "<group>";
		};
		B8B08DBF813710ADEEDD3571 /* Pods */ = {
			isa = PBXGroup;
			children = (
				6FFC6175685AB05912F98939 /* Pods.debug.xcconfig */,
				C63106E45DC75D531C3D3AB3 /* Pods.release.xcconfig */,
			);
			name = Pods;
			sourceTree = "<group>";
		};
/* End PBXGroup section */

/* Begin PBXNativeTarget section */
		7461BF851C18298200DD8895 /* TSFrameLiteDemo */ = {
			isa = PBXNativeTarget;
			buildConfigurationList = 7461BF9D1C18298200DD8895 /* Build configuration list for PBXNativeTarget "TSFrameLiteDemo" */;
			buildPhases = (
				722DD464FD2AECD64A0C1F1E /* Check Pods Manifest.lock */,
				7461BF821C18298200DD8895 /* Sources */,
				7461BF831C18298200DD8895 /* Frameworks */,
				7461BF841C18298200DD8895 /* Resources */,
				0A2F7CB32B5CA79DD833C796 /* Embed Pods Frameworks */,
				3C7ABEB9CA8AC8F8726B0DB3 /* Copy Pods Resources */,
			);
			buildRules = (
			);
			dependencies = (
			);
			name = TSFrameLiteDemo;
			productName = TSFrameLiteDemo;
			productReference = 7461BF861C18298200DD8895 /* TSFrameLiteDemo.app */;
			productType = "com.apple.product-type.application";
		};
/* End PBXNativeTarget section */

/* Begin PBXProject section */
		7461BF7E1C18298200DD8895 /* Project object */ = {
			isa = PBXProject;
			attributes = {
				LastUpgradeCheck = 0710;
				ORGANIZATIONNAME = chenyusen;
				TargetAttributes = {
					7461BF851C18298200DD8895 = {
						CreatedOnToolsVersion = 7.1.1;
					};
				};
			};
			buildConfigurationList = 7461BF811C18298200DD8895 /* Build configuration list for PBXProject "TSFrameLiteDemo" */;
			compatibilityVersion = "Xcode 3.2";
			developmentRegion = English;
			hasScannedForEncodings = 0;
			knownRegions = (
				en,
				Base,
			);
			mainGroup = 7461BF7D1C18298200DD8895;
			productRefGroup = 7461BF871C18298200DD8895 /* Products */;
			projectDirPath = "";
			projectRoot = "";
			targets = (
				7461BF851C18298200DD8895 /* TSFrameLiteDemo */,
			);
		};
/* End PBXProject section */

/* Begin PBXResourcesBuildPhase section */
		7461BF841C18298200DD8895 /* Resources */ = {
			isa = PBXResourcesBuildPhase;
			buildActionMask = 2147483647;
			files = (
				7461BF991C18298200DD8895 /* LaunchScreen.storyboard in Resources */,
				7461BF961C18298200DD8895 /* Assets.xcassets in Resources */,
			);
			runOnlyForDeploymentPostprocessing = 0;
		};
/* End PBXResourcesBuildPhase section */

/* Begin PBXShellScriptBuildPhase section */
		0A2F7CB32B5CA79DD833C796 /* Embed Pods Frameworks */ = {
			isa = PBXShellScriptBuildPhase;
			buildActionMask = 2147483647;
			files = (
			);
			inputPaths = (
			);
			name = "Embed Pods Frameworks";
			outputPaths = (
			);
			runOnlyForDeploymentPostprocessing = 0;
			shellPath = /bin/sh;
			shellScript = "\"${SRCROOT}/Pods/Target Support Files/Pods/Pods-frameworks.sh\"\n";
			showEnvVarsInLog = 0;
		};
		3C7ABEB9CA8AC8F8726B0DB3 /* Copy Pods Resources */ = {
			isa = PBXShellScriptBuildPhase;
			buildActionMask = 2147483647;
			files = (
			);
			inputPaths = (
			);
			name = "Copy Pods Resources";
			outputPaths = (
			);
			runOnlyForDeploymentPostprocessing = 0;
			shellPath = /bin/sh;
			shellScript = "\"${SRCROOT}/Pods/Target Support Files/Pods/Pods-resources.sh\"\n";
			showEnvVarsInLog = 0;
		};
		722DD464FD2AECD64A0C1F1E /* Check Pods Manifest.lock */ = {
			isa = PBXShellScriptBuildPhase;
			buildActionMask = 2147483647;
			files = (
			);
			inputPaths = (
			);
			name = "Check Pods Manifest.lock";
			outputPaths = (
			);
			runOnlyForDeploymentPostprocessing = 0;
			shellPath = /bin/sh;
			shellScript = "diff \"${PODS_ROOT}/../Podfile.lock\" \"${PODS_ROOT}/Manifest.lock\" > /dev/null\nif [[ $? != 0 ]] ; then\n    cat << EOM\nerror: The sandbox is not in sync with the Podfile.lock. Run 'pod install' or update your CocoaPods installation.\nEOM\n    exit 1\nfi\n";
			showEnvVarsInLog = 0;
		};
/* End PBXShellScriptBuildPhase section */

/* Begin PBXSourcesBuildPhase section */
		7461BF821C18298200DD8895 /* Sources */ = {
			isa = PBXSourcesBuildPhase;
			buildActionMask = 2147483647;
			files = (
				7461BF8E1C18298200DD8895 /* AppDelegate.m in Sources */,
				749234011C1839DA00123906 /* ZOInfomationNetworkHelper.m in Sources */,
				749234171C19633300123906 /* TSTableViewCell.m in Sources */,
				749234031C1839DA00123906 /* ZOInfomationResultModel.m in Sources */,
				749234021C1839DA00123906 /* ZOInfomationRequestModel.m in Sources */,
				7461BFB01C182D5B00DD8895 /* TSNetWorkManager.m in Sources */,
				7492341A1C19634E00123906 /* ZOInformationTableViewCell.m in Sources */,
				7492340E1C190F7A00123906 /* Foundation+Log.m in Sources */,
				7461BF8B1C18298200DD8895 /* main.m in Sources */,
				7461BFAA1C182CE800DD8895 /* TSModelViewController.m in Sources */,
				7461BFAD1C182D0300DD8895 /* TSTableViewController.m in Sources */,
				7461BFA71C182CD300DD8895 /* TSViewController.m in Sources */,
				749234001C1839DA00123906 /* ZOInformationViewController.m in Sources */,
			);
			runOnlyForDeploymentPostprocessing = 0;
		};
/* End PBXSourcesBuildPhase section */

/* Begin PBXVariantGroup section */
		7461BF971C18298200DD8895 /* LaunchScreen.storyboard */ = {
			isa = PBXVariantGroup;
			children = (
				7461BF981C18298200DD8895 /* Base */,
			);
			name = LaunchScreen.storyboard;
			sourceTree = "<group>";
		};
/* End PBXVariantGroup section */

/* Begin XCBuildConfiguration section */
		7461BF9B1C18298200DD8895 /* Debug */ = {
			isa = XCBuildConfiguration;
			buildSettings = {
				ALWAYS_SEARCH_USER_PATHS = NO;
				CLANG_CXX_LANGUAGE_STANDARD = "gnu++0x";
				CLANG_CXX_LIBRARY = "libc++";
				CLANG_ENABLE_MODULES = YES;
				CLANG_ENABLE_OBJC_ARC = YES;
				CLANG_WARN_BOOL_CONVERSION = YES;
				CLANG_WARN_CONSTANT_CONVERSION = YES;
				CLANG_WARN_DIRECT_OBJC_ISA_USAGE = YES_ERROR;
				CLANG_WARN_EMPTY_BODY = YES;
				CLANG_WARN_ENUM_CONVERSION = YES;
				CLANG_WARN_INT_CONVERSION = YES;
				CLANG_WARN_OBJC_ROOT_CLASS = YES_ERROR;
				CLANG_WARN_UNREACHABLE_CODE = YES;
				CLANG_WARN__DUPLICATE_METHOD_MATCH = YES;
				"CODE_SIGN_IDENTITY[sdk=iphoneos*]" = "iPhone Developer";
				COPY_PHASE_STRIP = NO;
				DEBUG_INFORMATION_FORMAT = dwarf;
				ENABLE_STRICT_OBJC_MSGSEND = YES;
				ENABLE_TESTABILITY = YES;
				GCC_C_LANGUAGE_STANDARD = gnu99;
				GCC_DYNAMIC_NO_PIC = NO;
				GCC_NO_COMMON_BLOCKS = YES;
				GCC_OPTIMIZATION_LEVEL = 0;
				GCC_PREPROCESSOR_DEFINITIONS = (
					"DEBUG=1",
					"$(inherited)",
				);
				GCC_WARN_64_TO_32_BIT_CONVERSION = YES;
				GCC_WARN_ABOUT_RETURN_TYPE = YES_ERROR;
				GCC_WARN_UNDECLARED_SELECTOR = YES;
				GCC_WARN_UNINITIALIZED_AUTOS = YES_AGGRESSIVE;
				GCC_WARN_UNUSED_FUNCTION = YES;
				GCC_WARN_UNUSED_VARIABLE = YES;
				IPHONEOS_DEPLOYMENT_TARGET = 9.1;
				MTL_ENABLE_DEBUG_INFO = YES;
				ONLY_ACTIVE_ARCH = YES;
				SDKROOT = iphoneos;
			};
			name = Debug;
		};
		7461BF9C1C18298200DD8895 /* Release */ = {
			isa = XCBuildConfiguration;
			buildSettings = {
				ALWAYS_SEARCH_USER_PATHS = NO;
				CLANG_CXX_LANGUAGE_STANDARD = "gnu++0x";
				CLANG_CXX_LIBRARY = "libc++";
				CLANG_ENABLE_MODULES = YES;
				CLANG_ENABLE_OBJC_ARC = YES;
				CLANG_WARN_BOOL_CONVERSION = YES;
				CLANG_WARN_CONSTANT_CONVERSION = YES;
				CLANG_WARN_DIRECT_OBJC_ISA_USAGE = YES_ERROR;
				CLANG_WARN_EMPTY_BODY = YES;
				CLANG_WARN_ENUM_CONVERSION = YES;
				CLANG_WARN_INT_CONVERSION = YES;
				CLANG_WARN_OBJC_ROOT_CLASS = YES_ERROR;
				CLANG_WARN_UNREACHABLE_CODE = YES;
				CLANG_WARN__DUPLICATE_METHOD_MATCH = YES;
				"CODE_SIGN_IDENTITY[sdk=iphoneos*]" = "iPhone Developer";
				COPY_PHASE_STRIP = NO;
				DEBUG_INFORMATION_FORMAT = "dwarf-with-dsym";
				ENABLE_NS_ASSERTIONS = NO;
				ENABLE_STRICT_OBJC_MSGSEND = YES;
				GCC_C_LANGUAGE_STANDARD = gnu99;
				GCC_NO_COMMON_BLOCKS = YES;
				GCC_WARN_64_TO_32_BIT_CONVERSION = YES;
				GCC_WARN_ABOUT_RETURN_TYPE = YES_ERROR;
				GCC_WARN_UNDECLARED_SELECTOR = YES;
				GCC_WARN_UNINITIALIZED_AUTOS = YES_AGGRESSIVE;
				GCC_WARN_UNUSED_FUNCTION = YES;
				GCC_WARN_UNUSED_VARIABLE = YES;
				IPHONEOS_DEPLOYMENT_TARGET = 9.1;
				MTL_ENABLE_DEBUG_INFO = NO;
				SDKROOT = iphoneos;
				VALIDATE_PRODUCT = YES;
			};
			name = Release;
		};
		7461BF9E1C18298200DD8895 /* Debug */ = {
			isa = XCBuildConfiguration;
			baseConfigurationReference = 6FFC6175685AB05912F98939 /* Pods.debug.xcconfig */;
			buildSettings = {
				ASSETCATALOG_COMPILER_APPICON_NAME = AppIcon;
				INFOPLIST_FILE = TSFrameLiteDemo/Info.plist;
				IPHONEOS_DEPLOYMENT_TARGET = 7.0;
				LD_RUNPATH_SEARCH_PATHS = "$(inherited) @executable_path/Frameworks";
				PRODUCT_BUNDLE_IDENTIFIER = com.51talk.TSFrameLiteDemo;
				PRODUCT_NAME = "$(TARGET_NAME)";
			};
			name = Debug;
		};
		7461BF9F1C18298200DD8895 /* Release */ = {
			isa = XCBuildConfiguration;
			baseConfigurationReference = C63106E45DC75D531C3D3AB3 /* Pods.release.xcconfig */;
			buildSettings = {
				ASSETCATALOG_COMPILER_APPICON_NAME = AppIcon;
				INFOPLIST_FILE = TSFrameLiteDemo/Info.plist;
				IPHONEOS_DEPLOYMENT_TARGET = 7.0;
				LD_RUNPATH_SEARCH_PATHS = "$(inherited) @executable_path/Frameworks";
				PRODUCT_BUNDLE_IDENTIFIER = com.51talk.TSFrameLiteDemo;
				PRODUCT_NAME = "$(TARGET_NAME)";
			};
			name = Release;
		};
/* End XCBuildConfiguration section */

/* Begin XCConfigurationList section */
		7461BF811C18298200DD8895 /* Build configuration list for PBXProject "TSFrameLiteDemo" */ = {
			isa = XCConfigurationList;
			buildConfigurations = (
				7461BF9B1C18298200DD8895 /* Debug */,
				7461BF9C1C18298200DD8895 /* Release */,
			);
			defaultConfigurationIsVisible = 0;
			defaultConfigurationName = Release;
		};
		7461BF9D1C18298200DD8895 /* Build configuration list for PBXNativeTarget "TSFrameLiteDemo" */ = {
			isa = XCConfigurationList;
			buildConfigurations = (
				7461BF9E1C18298200DD8895 /* Debug */,
				7461BF9F1C18298200DD8895 /* Release */,
			);
			defaultConfigurationIsVisible = 0;
			defaultConfigurationName = Release;
		};
/* End XCConfigurationList section */
	};
	rootObject = 7461BF7E1C18298200DD8895 /* Project object */;
}
